
Microsoft Visual Studio Solution File, Format Version 12.00
# Visual Studio Version 16
VisualStudioVersion = 16.0.31729.503
MinimumVisualStudioVersion = 10.0.40219.1
Project("{FAE04EC0-301F-11D3-BF4B-00C04F79EFBC}") = "ClientCFC-P4-019", "ClientCFC-P4-019\ClientCFC-P4-019.csproj", "{96A2165D-8DFA-4772-931D-9FF492243C68}"
EndProject
Global
	GlobalSection(SolutionConfigurationPlatforms) = preSolution
		Debug|Any CPU = Debug|Any CPU
		Release|Any CPU = Release|Any CPU
	EndGlobalSection
	GlobalSection(ProjectConfigurationPlatforms) = postSolution
		{96A2165D-8DFA-4772-931D-9FF492243C68}.Debug|Any CPU.ActiveCfg = Debug|Any CPU
		{96A2165D-8DFA-4772-931D-9FF492243C68}.Debug|Any CPU.Build.0 = Debug|Any CPU
		{96A2165D-8DFA-4772-931D-9FF492243C68}.Release|Any CPU.ActiveCfg = Release|Any CPU
		{96A2165D-8DFA-4772-931D-9FF492243C68}.Release|Any CPU.Build.0 = Release|Any CPU
	EndGlobalSection
	GlobalSection(SolutionProperties) = preSolution
		HideSolutionNode = FALSE
	EndGlobalSection
	GlobalSection(ExtensibilityGlobals) = postSolution
		SolutionGuid = {8F8547BC-978B-41EA-AAA1-D7A568958C14}
	EndGlobalSection
EndGlobal
